
Microsoft Visual Studio Solution File, Format Version 12.00
# Visual Studio Version 16
VisualStudioVersion = 16.0.31205.134
MinimumVisualStudioVersion = 10.0.40219.1
Project("{FAE04EC0-301F-11D3-BF4B-00C04F79EFBC}") = "AspNetCore3NLog", "AspNetCore3NLog\AspNetCore3NLog.csproj", "{2C4F40D7-140B-4B34-B805-0959857513D8}"
EndProject
Project("{2150E333-8FDC-42A3-9474-1A3956D46DE8}") = "Solution Items", "Solution Items", "{ED5584F7-B243-46B7-9442-CC918002FA70}"
	ProjectSection(SolutionItems) = preProject
		README.md = README.md
	EndProjectSection
EndProject
Global
	GlobalSection(SolutionConfigurationPlatforms) = preSolution
		Debug|Any CPU = Debug|Any CPU
		Release|Any CPU = Release|Any CPU
	EndGlobalSection
	GlobalSection(ProjectConfigurationPlatforms) = postSolution
		{2C4F40D7-140B-4B34-B805-0959857513D8}.Debug|Any CPU.ActiveCfg = Debug|Any CPU
		{2C4F40D7-140B-4B34-B805-0959857513D8}.Debug|Any CPU.Build.0 = Debug|Any CPU
		{2C4F40D7-140B-4B34-B805-0959857513D8}.Release|Any CPU.ActiveCfg = Release|Any CPU
		{2C4F40D7-140B-4B34-B805-0959857513D8}.Release|Any CPU.Build.0 = Release|Any CPU
	EndGlobalSection
	GlobalSection(SolutionProperties) = preSolution
		HideSolutionNode = FALSE
	EndGlobalSection
	GlobalSection(ExtensibilityGlobals) = postSolution
		SolutionGuid = {E96732F0-B657-470E-AB82-9F2C6EB6025D}
	EndGlobalSection
EndGlobal
